
Microsoft Visual Studio Solution File, Format Version 12.00
# Visual Studio 15
VisualStudioVersion = 15.0.27428.2037
MinimumVisualStudioVersion = 10.0.40219.1
Project("{8BC9CEB8-8B4A-11D0-8D11-00A0C91BC942}") = "prog3", "prog2\prog2.vcxproj", "{802BDCB8-56B8-4A36-BDB2-41E591E195DC}"
EndProject
Global
	GlobalSection(SolutionConfigurationPlatforms) = preSolution
		Debug|x64 = Debug|x64
		Debug|x86 = Debug|x86
		Release|x64 = Release|x64
		Release|x86 = Release|x86
	EndGlobalSection
	GlobalSection(ProjectConfigurationPlatforms) = postSolution
		{802BDCB8-56B8-4A36-BDB2-41E591E195DC}.Debug|x64.ActiveCfg = Debug|x64
		{802BDCB8-56B8-4A36-BDB2-41E591E195DC}.Debug|x64.Build.0 = Debug|x64
		{802BDCB8-56B8-4A36-BDB2-41E591E195DC}.Debug|x86.ActiveCfg = Debug|Win32
		{802BDCB8-56B8-4A36-BDB2-41E591E195DC}.Debug|x86.Build.0 = Debug|Win32
		{802BDCB8-56B8-4A36-BDB2-41E591E195DC}.Release|x64.ActiveCfg = Release|x64
		{802BDCB8-56B8-4A36-BDB2-41E591E195DC}.Release|x64.Build.0 = Release|x64
		{802BDCB8-56B8-4A36-BDB2-41E591E195DC}.Release|x86.ActiveCfg = Release|Win32
		{802BDCB8-56B8-4A36-BDB2-41E591E195DC}.Release|x86.Build.0 = Release|Win32
	EndGlobalSection
	GlobalSection(SolutionProperties) = preSolution
		HideSolutionNode = FALSE
	EndGlobalSection
	GlobalSection(ExtensibilityGlobals) = postSolution
		SolutionGuid = {932E2529-6628-484C-8890-4EF9B12D953F}
	EndGlobalSection
EndGlobal
